
Microsoft Visual Studio Solution File, Format Version 12.00
# Visual Studio 2012
Project("{FAE04EC0-301F-11D3-BF4B-00C04F79EFBC}") = "LessonSchedules", "LessonSchedules\LessonSchedules.csproj", "{3158EA2F-2789-4D88-96B1-316B9A4AF75B}"
EndProject
Global
	GlobalSection(SolutionConfigurationPlatforms) = preSolution
		Debug|Any CPU = Debug|Any CPU
		Release|Any CPU = Release|Any CPU
	EndGlobalSection
	GlobalSection(ProjectConfigurationPlatforms) = postSolution
		{3158EA2F-2789-4D88-96B1-316B9A4AF75B}.Debug|Any CPU.ActiveCfg = Release|Any CPU
		{3158EA2F-2789-4D88-96B1-316B9A4AF75B}.Debug|Any CPU.Build.0 = Release|Any CPU
		{3158EA2F-2789-4D88-96B1-316B9A4AF75B}.Release|Any CPU.ActiveCfg = Release|Any CPU
		{3158EA2F-2789-4D88-96B1-316B9A4AF75B}.Release|Any CPU.Build.0 = Release|Any CPU
	EndGlobalSection
	GlobalSection(SolutionProperties) = preSolution
		HideSolutionNode = FALSE
	EndGlobalSection
EndGlobal
